PODS:
  - FontBlaster (4.1.0)
  - MGTemplateKit (0.1.5):
    - FontBlaster
    - UIColor_Hex_Swift (~> 4.2.0)
  - UIColor_Hex_Swift (4.2.0)

DEPENDENCIES:
  - MGTemplateKit (from `../`)

SPEC REPOS:
  https://github.com/cocoapods/specs.git:
    - FontBlaster
    - UIColor_Hex_Swift

EXTERNAL SOURCES:
  MGTemplateKit:
    :path: "../"

SPEC CHECKSUMS:
  FontBlaster: 127aa66419478d1c62926c7fdb39841633344a45
  MGTemplateKit: 578e1e9c146a43d0c3b701e7986400c44dc7f582
  UIColor_Hex_Swift: bc07fc197421ee896b9ed6dcfa2054b7fbf75145

PODFILE CHECKSUM: 0b1d62785c60515555d171546bfb8e6802443dd5

COCOAPODS: 1.6.1
