PODS:
  - MGTemplateKit (0.1.1):
    - UIColor_Hex_Swift (~> 4.2.0)
  - UIColor_Hex_Swift (4.2.0)

DEPENDENCIES:
  - MGTemplateKit (from `../`)

SPEC REPOS:
  https://github.com/cocoapods/specs.git:
    - UIColor_Hex_Swift

EXTERNAL SOURCES:
  MGTemplateKit:
    :path: "../"

SPEC CHECKSUMS:
  MGTemplateKit: 23ee340f28e97923181d4f46f04b9dbd59ff85f1
  UIColor_Hex_Swift: bc07fc197421ee896b9ed6dcfa2054b7fbf75145

PODFILE CHECKSUM: 0b1d62785c60515555d171546bfb8e6802443dd5

COCOAPODS: 1.6.1
